// !$*UTF8*$!
{
	archiveVersion = 1;
	classes = {
	};
	objectVersion = 46;
	objects = {

/* Begin PBXBuildFile section */
		0848971A1911AA072889C86A /* Pods_Demo.framework in Frameworks */ = {isa = PBXBuildFile; fileRef = BB0E02BDEF4DBAE8356B9878 /* Pods_Demo.framework */; };
		7109B0D91D95C02500DB535F /* AlertHelper.swift in Sources */ = {isa = PBXBuildFile; fileRef = 7109B0D81D95C02500DB535F /* AlertHelper.swift */; };
		7109B0DB1D95C7C300DB535F /* ActivityIndicator.swift in Sources */ = {isa = PBXBuildFile; fileRef = 7109B0DA1D95C7C300DB535F /* ActivityIndicator.swift */; };
		71267BC01D9B6C80004C8C5C /* UIImageViewExtension.swift in Sources */ = {isa = PBXBuildFile; fileRef = 71267BBF1D9B6C80004C8C5C /* UIImageViewExtension.swift */; };
		71B35A0C1D941CB900F5FA4B /* GoogleService-Info.plist in Resources */ = {isa = PBXBuildFile; fileRef = 71B35A0B1D941CB900F5FA4B /* GoogleService-Info.plist */; };
		71B90CA91D94A6C70076D779 /* NetworkHelper.swift in Sources */ = {isa = PBXBuildFile; fileRef = 71B90CA81D94A6C70076D779 /* NetworkHelper.swift */; };
		71D2F4041D9CC44F00C73E13 /* ProfilePopup.swift in Sources */ = {isa = PBXBuildFile; fileRef = 71D2F4031D9CC44F00C73E13 /* ProfilePopup.swift */; };
		71F35B261D41BE8B0084AB91 /* AppDelegate.swift in Sources */ = {isa = PBXBuildFile; fileRef = 71F35B251D41BE8B0084AB91 /* AppDelegate.swift */; };
		71F35B2B1D41BE8B0084AB91 /* Main.storyboard in Resources */ = {isa = PBXBuildFile; fileRef = 71F35B291D41BE8B0084AB91 /* Main.storyboard */; };
		71F35B2E1D41BE8B0084AB91 /* Demo.xcdatamodeld in Sources */ = {isa = PBXBuildFile; fileRef = 71F35B2C1D41BE8B0084AB91 /* Demo.xcdatamodeld */; };
		71F35B301D41BE8B0084AB91 /* Assets.xcassets in Resources */ = {isa = PBXBuildFile; fileRef = 71F35B2F1D41BE8B0084AB91 /* Assets.xcassets */; };
		71F35B331D41BE8B0084AB91 /* LaunchScreen.storyboard in Resources */ = {isa = PBXBuildFile; fileRef = 71F35B311D41BE8B0084AB91 /* LaunchScreen.storyboard */; };
		71F35B3E1D41C74A0084AB91 /* LoginViewController.swift in Sources */ = {isa = PBXBuildFile; fileRef = 71F35B3D1D41C74A0084AB91 /* LoginViewController.swift */; };
		71F35B401D41C7890084AB91 /* MaterialView.swift in Sources */ = {isa = PBXBuildFile; fileRef = 71F35B3F1D41C7890084AB91 /* MaterialView.swift */; };
		71F35B431D41C8310084AB91 /* AnimationEngine.swift in Sources */ = {isa = PBXBuildFile; fileRef = 71F35B421D41C8310084AB91 /* AnimationEngine.swift */; };
		71F35B4C1D41CB760084AB91 /* CustomButton.swift in Sources */ = {isa = PBXBuildFile; fileRef = 71F35B4B1D41CB760084AB91 /* CustomButton.swift */; };
		71F35B4E1D41CB820084AB91 /* CustomTextField.swift in Sources */ = {isa = PBXBuildFile; fileRef = 71F35B4D1D41CB820084AB91 /* CustomTextField.swift */; };
		71F35B501D41CF210084AB91 /* UIViewExtension.swift in Sources */ = {isa = PBXBuildFile; fileRef = 71F35B4F1D41CF210084AB91 /* UIViewExtension.swift */; };
		71F35B581D453D8D0084AB91 /* KeyboardVC.swift in Sources */ = {isa = PBXBuildFile; fileRef = 71F35B571D453D8D0084AB91 /* KeyboardVC.swift */; };
		71F35B5A1D4541360084AB91 /* Reachability.swift in Sources */ = {isa = PBXBuildFile; fileRef = 71F35B591D4541360084AB91 /* Reachability.swift */; };
		71F35B5C1D454D980084AB91 /* ContainerViewController.swift in Sources */ = {isa = PBXBuildFile; fileRef = 71F35B5B1D454D980084AB91 /* ContainerViewController.swift */; };
		71F35B5E1D4573FD0084AB91 /* SidePanelViewController.swift in Sources */ = {isa = PBXBuildFile; fileRef = 71F35B5D1D4573FD0084AB91 /* SidePanelViewController.swift */; };
		71F35B601D4574240084AB91 /* CenterViewController.swift in Sources */ = {isa = PBXBuildFile; fileRef = 71F35B5F1D4574240084AB91 /* CenterViewController.swift */; };
		71F35B621D4575CC0084AB91 /* Person.swift in Sources */ = {isa = PBXBuildFile; fileRef = 71F35B611D4575CC0084AB91 /* Person.swift */; };
		71F35B641D45780B0084AB91 /* DateExtension.swift in Sources */ = {isa = PBXBuildFile; fileRef = 71F35B631D45780B0084AB91 /* DateExtension.swift */; };
/* End PBXBuildFile section */

/* Begin PBXFileReference section */
		7109B0D81D95C02500DB535F /* AlertHelper.swift */ = {isa = PBXFileReference; fileEncoding = 4; lastKnownFileType = sourcecode.swift; path = AlertHelper.swift; sourceTree = "<group>"; };
		7109B0DA1D95C7C300DB535F /* ActivityIndicator.swift */ = {isa = PBXFileReference; fileEncoding = 4; lastKnownFileType = sourcecode.swift; path = ActivityIndicator.swift; sourceTree = "<group>"; };
		71267BBF1D9B6C80004C8C5C /* UIImageViewExtension.swift */ = {isa = PBXFileReference; fileEncoding = 4; lastKnownFileType = sourcecode.swift; path = UIImageViewExtension.swift; sourceTree = "<group>"; };
		71B35A0B1D941CB900F5FA4B /* GoogleService-Info.plist */ = {isa = PBXFileReference; fileEncoding = 4; lastKnownFileType = text.plist.xml; path = "GoogleService-Info.plist"; sourceTree = "<group>"; };
		71B90CA81D94A6C70076D779 /* NetworkHelper.swift */ = {isa = PBXFileReference; fileEncoding = 4; lastKnownFileType = sourcecode.swift; path = NetworkHelper.swift; sourceTree = "<group>"; };
		71D2F4031D9CC44F00C73E13 /* ProfilePopup.swift */ = {isa = PBXFileReference; fileEncoding = 4; lastKnownFileType = sourcecode.swift; path = ProfilePopup.swift; sourceTree = "<group>"; };
		71F35B221D41BE8B0084AB91 /* Demo.app */ = {isa = PBXFileReference; explicitFileType = wrapper.application; includeInIndex = 0; path = Demo.app; sourceTree = BUILT_PRODUCTS_DIR; };
		71F35B251D41BE8B0084AB91 /* AppDelegate.swift */ = {isa = PBXFileReference; lastKnownFileType = sourcecode.swift; path = AppDelegate.swift; sourceTree = "<group>"; };
		71F35B2A1D41BE8B0084AB91 /* Base */ = {isa = PBXFileReference; lastKnownFileType = file.storyboard; name = Base; path = Base.lproj/Main.storyboard; sourceTree = "<group>"; };
		71F35B2D1D41BE8B0084AB91 /* Demo.xcdatamodel */ = {isa = PBXFileReference; lastKnownFileType = wrapper.xcdatamodel; path = Demo.xcdatamodel; sourceTree = "<group>"; };
		71F35B2F1D41BE8B0084AB91 /* Assets.xcassets */ = {isa = PBXFileReference; lastKnownFileType = folder.assetcatalog; path = Assets.xcassets; sourceTree = "<group>"; };
		71F35B321D41BE8B0084AB91 /* Base */ = {isa = PBXFileReference; lastKnownFileType = file.storyboard; name = Base; path = Base.lproj/LaunchScreen.storyboard; sourceTree = "<group>"; };
		71F35B341D41BE8B0084AB91 /* Info.plist */ = {isa = PBXFileReference; lastKnownFileType = text.plist.xml; path = Info.plist; sourceTree = "<group>"; };
		71F35B3D1D41C74A0084AB91 /* LoginViewController.swift */ = {isa = PBXFileReference; fileEncoding = 4; lastKnownFileType = sourcecode.swift; path = LoginViewController.swift; sourceTree = "<group>"; };
		71F35B3F1D41C7890084AB91 /* MaterialView.swift */ = {isa = PBXFileReference; fileEncoding = 4; lastKnownFileType = sourcecode.swift; path = MaterialView.swift; sourceTree = "<group>"; };
		71F35B421D41C8310084AB91 /* AnimationEngine.swift */ = {isa = PBXFileReference; fileEncoding = 4; lastKnownFileType = sourcecode.swift; path = AnimationEngine.swift; sourceTree = "<group>"; };
		71F35B4A1D41C9230084AB91 /* Demo-Bridging-Header.h */ = {isa = PBXFileReference; lastKnownFileType = sourcecode.c.h; path = "Demo-Bridging-Header.h"; sourceTree = "<group>"; };
		71F35B4B1D41CB760084AB91 /* CustomButton.swift */ = {isa = PBXFileReference; fileEncoding = 4; lastKnownFileType = sourcecode.swift; path = CustomButton.swift; sourceTree = "<group>"; };
		71F35B4D1D41CB820084AB91 /* CustomTextField.swift */ = {isa = PBXFileReference; fileEncoding = 4; lastKnownFileType = sourcecode.swift; path = CustomTextField.swift; sourceTree = "<group>"; };
		71F35B4F1D41CF210084AB91 /* UIViewExtension.swift */ = {isa = PBXFileReference; fileEncoding = 4; lastKnownFileType = sourcecode.swift; path = UIViewExtension.swift; sourceTree = "<group>"; };
		71F35B571D453D8D0084AB91 /* KeyboardVC.swift */ = {isa = PBXFileReference; fileEncoding = 4; lastKnownFileType = sourcecode.swift; path = KeyboardVC.swift; sourceTree = "<group>"; };
		71F35B591D4541360084AB91 /* Reachability.swift */ = {isa = PBXFileReference; fileEncoding = 4; lastKnownFileType = sourcecode.swift; path = Reachability.swift; sourceTree = "<group>"; };
		71F35B5B1D454D980084AB91 /* ContainerViewController.swift */ = {isa = PBXFileReference; fileEncoding = 4; lastKnownFileType = sourcecode.swift; path = ContainerViewController.swift; sourceTree = "<group>"; };
		71F35B5D1D4573FD0084AB91 /* SidePanelViewController.swift */ = {isa = PBXFileReference; fileEncoding = 4; lastKnownFileType = sourcecode.swift; path = SidePanelViewController.swift; sourceTree = "<group>"; };
		71F35B5F1D4574240084AB91 /* CenterViewController.swift */ = {isa = PBXFileReference; fileEncoding = 4; lastKnownFileType = sourcecode.swift; path = CenterViewController.swift; sourceTree = "<group>"; };
		71F35B611D4575CC0084AB91 /* Person.swift */ = {isa = PBXFileReference; fileEncoding = 4; lastKnownFileType = sourcecode.swift; path = Person.swift; sourceTree = "<group>"; };
		71F35B631D45780B0084AB91 /* DateExtension.swift */ = {isa = PBXFileReference; fileEncoding = 4; lastKnownFileType = sourcecode.swift; path = DateExtension.swift; sourceTree = "<group>"; };
		A65498633BFA9F760C68EE6E /* Pods-Demo.debug.xcconfig */ = {isa = PBXFileReference; includeInIndex = 1; lastKnownFileType = text.xcconfig; name = "Pods-Demo.debug.xcconfig"; path = "Pods/Target Support Files/Pods-Demo/Pods-Demo.debug.xcconfig"; sourceTree = "<group>"; };
		BB0E02BDEF4DBAE8356B9878 /* Pods_Demo.framework */ = {isa = PBXFileReference; explicitFileType = wrapper.framework; includeInIndex = 0; path = Pods_Demo.framework; sourceTree = BUILT_PRODUCTS_DIR; };
		C250C23A2236EC9AEF9D02BA /* Pods-Demo.release.xcconfig */ = {isa = PBXFileReference; includeInIndex = 1; lastKnownFileType = text.xcconfig; name = "Pods-Demo.release.xcconfig"; path = "Pods/Target Support Files/Pods-Demo/Pods-Demo.release.xcconfig"; sourceTree = "<group>"; };
/* End PBXFileReference section */

/* Begin PBXFrameworksBuildPhase section */
		71F35B1F1D41BE8B0084AB91 /* Frameworks */ = {
			isa = PBXFrameworksBuildPhase;
			buildActionMask = 2147483647;
			files = (
				0848971A1911AA072889C86A /* Pods_Demo.framework in Frameworks */,
			);
			runOnlyForDeploymentPostprocessing = 0;
		};
/* End PBXFrameworksBuildPhase section */

/* Begin PBXGroup section */
		71F35B191D41BE8B0084AB91 = {
			isa = PBXGroup;
			children = (
				71F35B241D41BE8B0084AB91 /* Demo */,
				71F35B231D41BE8B0084AB91 /* Products */,
				8686C7A68B4E16B9FD8D0E59 /* Pods */,
				9315C09B8D91943AE937AA3F /* Frameworks */,
			);
			sourceTree = "<group>";
		};
		71F35B231D41BE8B0084AB91 /* Products */ = {
			isa = PBXGroup;
			children = (
				71F35B221D41BE8B0084AB91 /* Demo.app */,
			);
			name = Products;
			sourceTree = "<group>";
		};
		71F35B241D41BE8B0084AB91 /* Demo */ = {
			isa = PBXGroup;
			children = (
				71F35B411D41C8240084AB91 /* Util */,
				71F35B3C1D41C7310084AB91 /* Model */,
				71F35B3B1D41C72B0084AB91 /* Controller */,
				71F35B3A1D41C7250084AB91 /* View */,
				71F35B251D41BE8B0084AB91 /* AppDelegate.swift */,
				71F35B291D41BE8B0084AB91 /* Main.storyboard */,
				71F35B2F1D41BE8B0084AB91 /* Assets.xcassets */,
				71F35B311D41BE8B0084AB91 /* LaunchScreen.storyboard */,
				71F35B341D41BE8B0084AB91 /* Info.plist */,
				71F35B2C1D41BE8B0084AB91 /* Demo.xcdatamodeld */,
				71B35A0B1D941CB900F5FA4B /* GoogleService-Info.plist */,
			);
			path = Demo;
			sourceTree = "<group>";
		};
		71F35B3A1D41C7250084AB91 /* View */ = {
			isa = PBXGroup;
			children = (
				7109B0D81D95C02500DB535F /* AlertHelper.swift */,
				71F35B571D453D8D0084AB91 /* KeyboardVC.swift */,
				71F35B3F1D41C7890084AB91 /* MaterialView.swift */,
				71F35B4B1D41CB760084AB91 /* CustomButton.swift */,
				71F35B4D1D41CB820084AB91 /* CustomTextField.swift */,
				71F35B4F1D41CF210084AB91 /* UIViewExtension.swift */,
				7109B0DA1D95C7C300DB535F /* ActivityIndicator.swift */,
				71267BBF1D9B6C80004C8C5C /* UIImageViewExtension.swift */,
				71D2F4031D9CC44F00C73E13 /* ProfilePopup.swift */,
			);
			name = View;
			sourceTree = "<group>";
		};
		71F35B3B1D41C72B0084AB91 /* Controller */ = {
			isa = PBXGroup;
			children = (
				71F35B3D1D41C74A0084AB91 /* LoginViewController.swift */,
				71F35B5B1D454D980084AB91 /* ContainerViewController.swift */,
				71F35B5D1D4573FD0084AB91 /* SidePanelViewController.swift */,
				71F35B5F1D4574240084AB91 /* CenterViewController.swift */,
			);
			name = Controller;
			sourceTree = "<group>";
		};
		71F35B3C1D41C7310084AB91 /* Model */ = {
			isa = PBXGroup;
			children = (
				71F35B4A1D41C9230084AB91 /* Demo-Bridging-Header.h */,
				71F35B611D4575CC0084AB91 /* Person.swift */,
			);
			name = Model;
			sourceTree = "<group>";
		};
		71F35B411D41C8240084AB91 /* Util */ = {
			isa = PBXGroup;
			children = (
				71F35B421D41C8310084AB91 /* AnimationEngine.swift */,
				71F35B591D4541360084AB91 /* Reachability.swift */,
				71F35B631D45780B0084AB91 /* DateExtension.swift */,
				71B90CA81D94A6C70076D779 /* NetworkHelper.swift */,
			);
			name = Util;
			sourceTree = "<group>";
		};
		8686C7A68B4E16B9FD8D0E59 /* Pods */ = {
			isa = PBXGroup;
			children = (
				A65498633BFA9F760C68EE6E /* Pods-Demo.debug.xcconfig */,
				C250C23A2236EC9AEF9D02BA /* Pods-Demo.release.xcconfig */,
			);
			name = Pods;
			sourceTree = "<group>";
		};
		9315C09B8D91943AE937AA3F /* Frameworks */ = {
			isa = PBXGroup;
			children = (
				BB0E02BDEF4DBAE8356B9878 /* Pods_Demo.framework */,
			);
			name = Frameworks;
			sourceTree = "<group>";
		};
/* End PBXGroup section */

/* Begin PBXNativeTarget section */
		71F35B211D41BE8B0084AB91 /* Demo */ = {
			isa = PBXNativeTarget;
			buildConfigurationList = 71F35B371D41BE8B0084AB91 /* Build configuration list for PBXNativeTarget "Demo" */;
			buildPhases = (
				60F5B326D901E353F918D615 /* Check Pods Manifest.lock */,
				71F35B1E1D41BE8B0084AB91 /* Sources */,
				71F35B1F1D41BE8B0084AB91 /* Frameworks */,
				71F35B201D41BE8B0084AB91 /* Resources */,
				03EB884F1753D98FE043C146 /* Embed Pods Frameworks */,
				F7953A8E457B649E270AE223 /* Copy Pods Resources */,
			);
			buildRules = (
			);
			dependencies = (
			);
			name = Demo;
			productName = Demo;
			productReference = 71F35B221D41BE8B0084AB91 /* Demo.app */;
			productType = "com.apple.product-type.application";
		};
/* End PBXNativeTarget section */

/* Begin PBXProject section */
		71F35B1A1D41BE8B0084AB91 /* Project object */ = {
			isa = PBXProject;
			attributes = {
				LastSwiftUpdateCheck = 0730;
				LastUpgradeCheck = 0800;
				ORGANIZATIONNAME = OffensivelyBad;
				TargetAttributes = {
					71F35B211D41BE8B0084AB91 = {
						CreatedOnToolsVersion = 7.3.1;
						DevelopmentTeam = EWH85CQYYJ;
						LastSwiftMigration = 0800;
					};
				};
			};
			buildConfigurationList = 71F35B1D1D41BE8B0084AB91 /* Build configuration list for PBXProject "Demo" */;
			compatibilityVersion = "Xcode 3.2";
			developmentRegion = English;
			hasScannedForEncodings = 0;
			knownRegions = (
				en,
				Base,
			);
			mainGroup = 71F35B191D41BE8B0084AB91;
			productRefGroup = 71F35B231D41BE8B0084AB91 /* Products */;
			projectDirPath = "";
			projectRoot = "";
			targets = (
				71F35B211D41BE8B0084AB91 /* Demo */,
			);
		};
/* End PBXProject section */

/* Begin PBXResourcesBuildPhase section */
		71F35B201D41BE8B0084AB91 /* Resources */ = {
			isa = PBXResourcesBuildPhase;
			buildActionMask = 2147483647;
			files = (
				71F35B331D41BE8B0084AB91 /* LaunchScreen.storyboard in Resources */,
				71B35A0C1D941CB900F5FA4B /* GoogleService-Info.plist in Resources */,
				71F35B301D41BE8B0084AB91 /* Assets.xcassets in Resources */,
				71F35B2B1D41BE8B0084AB91 /* Main.storyboard in Resources */,
			);
			runOnlyForDeploymentPostprocessing = 0;
		};
/* End PBXResourcesBuildPhase section */

/* Begin PBXShellScriptBuildPhase section */
		03EB884F1753D98FE043C146 /* Embed Pods Frameworks */ = {
			isa = PBXShellScriptBuildPhase;
			buildActionMask = 2147483647;
			files = (
			);
			inputPaths = (
			);
			name = "Embed Pods Frameworks";
			outputPaths = (
			);
			runOnlyForDeploymentPostprocessing = 0;
			shellPath = /bin/sh;
			shellScript = "\"${SRCROOT}/Pods/Target Support Files/Pods-Demo/Pods-Demo-frameworks.sh\"\n";
			showEnvVarsInLog = 0;
		};
		60F5B326D901E353F918D615 /* Check Pods Manifest.lock */ = {
			isa = PBXShellScriptBuildPhase;
			buildActionMask = 2147483647;
			files = (
			);
			inputPaths = (
			);
			name = "Check Pods Manifest.lock";
			outputPaths = (
			);
			runOnlyForDeploymentPostprocessing = 0;
			shellPath = /bin/sh;
			shellScript = "diff \"${PODS_ROOT}/../Podfile.lock\" \"${PODS_ROOT}/Manifest.lock\" > /dev/null\nif [[ $? != 0 ]] ; then\n    cat << EOM\nerror: The sandbox is not in sync with the Podfile.lock. Run 'pod install' or update your CocoaPods installation.\nEOM\n    exit 1\nfi\n";
			showEnvVarsInLog = 0;
		};
		F7953A8E457B649E270AE223 /* Copy Pods Resources */ = {
			isa = PBXShellScriptBuildPhase;
			buildActionMask = 2147483647;
			files = (
			);
			inputPaths = (
			);
			name = "Copy Pods Resources";
			outputPaths = (
			);
			runOnlyForDeploymentPostprocessing = 0;
			shellPath = /bin/sh;
			shellScript = "\"${SRCROOT}/Pods/Target Support Files/Pods-Demo/Pods-Demo-resources.sh\"\n";
			showEnvVarsInLog = 0;
		};
/* End PBXShellScriptBuildPhase section */

/* Begin PBXSourcesBuildPhase section */
		71F35B1E1D41BE8B0084AB91 /* Sources */ = {
			isa = PBXSourcesBuildPhase;
			buildActionMask = 2147483647;
			files = (
				71F35B601D4574240084AB91 /* CenterViewController.swift in Sources */,
				71F35B641D45780B0084AB91 /* DateExtension.swift in Sources */,
				71F35B4E1D41CB820084AB91 /* CustomTextField.swift in Sources */,
				71267BC01D9B6C80004C8C5C /* UIImageViewExtension.swift in Sources */,
				71F35B3E1D41C74A0084AB91 /* LoginViewController.swift in Sources */,
				71F35B2E1D41BE8B0084AB91 /* Demo.xcdatamodeld in Sources */,
				71F35B621D4575CC0084AB91 /* Person.swift in Sources */,
				71F35B4C1D41CB760084AB91 /* CustomButton.swift in Sources */,
				71F35B581D453D8D0084AB91 /* KeyboardVC.swift in Sources */,
				71B90CA91D94A6C70076D779 /* NetworkHelper.swift in Sources */,
				71F35B261D41BE8B0084AB91 /* AppDelegate.swift in Sources */,
				71F35B431D41C8310084AB91 /* AnimationEngine.swift in Sources */,
				71F35B5C1D454D980084AB91 /* ContainerViewController.swift in Sources */,
				7109B0D91D95C02500DB535F /* AlertHelper.swift in Sources */,
				71D2F4041D9CC44F00C73E13 /* ProfilePopup.swift in Sources */,
				71F35B501D41CF210084AB91 /* UIViewExtension.swift in Sources */,
				71F35B5A1D4541360084AB91 /* Reachability.swift in Sources */,
				71F35B401D41C7890084AB91 /* MaterialView.swift in Sources */,
				7109B0DB1D95C7C300DB535F /* ActivityIndicator.swift in Sources */,
				71F35B5E1D4573FD0084AB91 /* SidePanelViewController.swift in Sources */,
			);
			runOnlyForDeploymentPostprocessing = 0;
		};
/* End PBXSourcesBuildPhase section */

/* Begin PBXVariantGroup section */
		71F35B291D41BE8B0084AB91 /* Main.storyboard */ = {
			isa = PBXVariantGroup;
			children = (
				71F35B2A1D41BE8B0084AB91 /* Base */,
			);
			name = Main.storyboard;
			sourceTree = "<group>";
		};
		71F35B311D41BE8B0084AB91 /* LaunchScreen.storyboard */ = {
			isa = PBXVariantGroup;
			children = (
				71F35B321D41BE8B0084AB91 /* Base */,
			);
			name = LaunchScreen.storyboard;
			sourceTree = "<group>";
		};
/* End PBXVariantGroup section */

/* Begin XCBuildConfiguration section */
		71F35B351D41BE8B0084AB91 /* Debug */ = {
			isa = XCBuildConfiguration;
			buildSettings = {
				ALWAYS_SEARCH_USER_PATHS = NO;
				CLANG_ANALYZER_NONNULL = YES;
				CLANG_CXX_LANGUAGE_STANDARD = "gnu++0x";
				CLANG_CXX_LIBRARY = "libc++";
				CLANG_ENABLE_MODULES = YES;
				CLANG_ENABLE_OBJC_ARC = YES;
				CLANG_WARN_BOOL_CONVERSION = YES;
				CLANG_WARN_CONSTANT_CONVERSION = YES;
				CLANG_WARN_DIRECT_OBJC_ISA_USAGE = YES_ERROR;
				CLANG_WARN_EMPTY_BODY = YES;
				CLANG_WARN_ENUM_CONVERSION = YES;
				CLANG_WARN_INFINITE_RECURSION = YES;
				CLANG_WARN_INT_CONVERSION = YES;
				CLANG_WARN_OBJC_ROOT_CLASS = YES_ERROR;
				CLANG_WARN_SUSPICIOUS_MOVE = YES;
				CLANG_WARN_UNREACHABLE_CODE = YES;
				CLANG_WARN__DUPLICATE_METHOD_MATCH = YES;
				"CODE_SIGN_IDENTITY[sdk=iphoneos*]" = "iPhone Developer";
				COPY_PHASE_STRIP = NO;
				DEBUG_INFORMATION_FORMAT = dwarf;
				ENABLE_STRICT_OBJC_MSGSEND = YES;
				ENABLE_TESTABILITY = YES;
				GCC_C_LANGUAGE_STANDARD = gnu99;
				GCC_DYNAMIC_NO_PIC = NO;
				GCC_NO_COMMON_BLOCKS = YES;
				GCC_OPTIMIZATION_LEVEL = 0;
				GCC_PREPROCESSOR_DEFINITIONS = (
					"DEBUG=1",
					"$(inherited)",
				);
				GCC_WARN_64_TO_32_BIT_CONVERSION = YES;
				GCC_WARN_ABOUT_RETURN_TYPE = YES_ERROR;
				GCC_WARN_UNDECLARED_SELECTOR = YES;
				GCC_WARN_UNINITIALIZED_AUTOS = YES_AGGRESSIVE;
				GCC_WARN_UNUSED_FUNCTION = YES;
				GCC_WARN_UNUSED_VARIABLE = YES;
				IPHONEOS_DEPLOYMENT_TARGET = 9.3;
				MTL_ENABLE_DEBUG_INFO = YES;
				ONLY_ACTIVE_ARCH = YES;
				SDKROOT = iphoneos;
				SWIFT_OPTIMIZATION_LEVEL = "-Onone";
				TARGETED_DEVICE_FAMILY = "1,2";
			};
			name = Debug;
		};
		71F35B361D41BE8B0084AB91 /* Release */ = {
			isa = XCBuildConfiguration;
			buildSettings = {
				ALWAYS_SEARCH_USER_PATHS = NO;
				CLANG_ANALYZER_NONNULL = YES;
				CLANG_CXX_LANGUAGE_STANDARD = "gnu++0x";
				CLANG_CXX_LIBRARY = "libc++";
				CLANG_ENABLE_MODULES = YES;
				CLANG_ENABLE_OBJC_ARC = YES;
				CLANG_WARN_BOOL_CONVERSION = YES;
				CLANG_WARN_CONSTANT_CONVERSION = YES;
				CLANG_WARN_DIRECT_OBJC_ISA_USAGE = YES_ERROR;
				CLANG_WARN_EMPTY_BODY = YES;
				CLANG_WARN_ENUM_CONVERSION = YES;
				CLANG_WARN_INFINITE_RECURSION = YES;
				CLANG_WARN_INT_CONVERSION = YES;
				CLANG_WARN_OBJC_ROOT_CLASS = YES_ERROR;
				CLANG_WARN_SUSPICIOUS_MOVE = YES;
				CLANG_WARN_UNREACHABLE_CODE = YES;
				CLANG_WARN__DUPLICATE_METHOD_MATCH = YES;
				"CODE_SIGN_IDENTITY[sdk=iphoneos*]" = "iPhone Developer";
				COPY_PHASE_STRIP = NO;
				DEBUG_INFORMATION_FORMAT = "dwarf-with-dsym";
				ENABLE_NS_ASSERTIONS = NO;
				ENABLE_STRICT_OBJC_MSGSEND = YES;
				GCC_C_LANGUAGE_STANDARD = gnu99;
				GCC_NO_COMMON_BLOCKS = YES;
				GCC_WARN_64_TO_32_BIT_CONVERSION = YES;
				GCC_WARN_ABOUT_RETURN_TYPE = YES_ERROR;
				GCC_WARN_UNDECLARED_SELECTOR = YES;
				GCC_WARN_UNINITIALIZED_AUTOS = YES_AGGRESSIVE;
				GCC_WARN_UNUSED_FUNCTION = YES;
				GCC_WARN_UNUSED_VARIABLE = YES;
				IPHONEOS_DEPLOYMENT_TARGET = 9.3;
				MTL_ENABLE_DEBUG_INFO = NO;
				SDKROOT = iphoneos;
				SWIFT_OPTIMIZATION_LEVEL = "-Owholemodule";
				TARGETED_DEVICE_FAMILY = "1,2";
				VALIDATE_PRODUCT = YES;
			};
			name = Release;
		};
		71F35B381D41BE8B0084AB91 /* Debug */ = {
			isa = XCBuildConfiguration;
			baseConfigurationReference = A65498633BFA9F760C68EE6E /* Pods-Demo.debug.xcconfig */;
			buildSettings = {
				ASSETCATALOG_COMPILER_APPICON_NAME = AppIcon;
				CLANG_ENABLE_MODULES = YES;
				DEVELOPMENT_TEAM = EWH85CQYYJ;
				INFOPLIST_FILE = Demo/Info.plist;
				LD_RUNPATH_SEARCH_PATHS = "$(inherited) @executable_path/Frameworks";
				PRODUCT_BUNDLE_IDENTIFIER = "com.offensively-bad.Demo";
				PRODUCT_NAME = "$(TARGET_NAME)";
				SWIFT_OBJC_BRIDGING_HEADER = "Demo/Demo-Bridging-Header.h";
				SWIFT_OPTIMIZATION_LEVEL = "-Onone";
				SWIFT_VERSION = 3.0;
			};
			name = Debug;
		};
		71F35B391D41BE8B0084AB91 /* Release */ = {
			isa = XCBuildConfiguration;
			baseConfigurationReference = C250C23A2236EC9AEF9D02BA /* Pods-Demo.release.xcconfig */;
			buildSettings = {
				ASSETCATALOG_COMPILER_APPICON_NAME = AppIcon;
				CLANG_ENABLE_MODULES = YES;
				DEVELOPMENT_TEAM = EWH85CQYYJ;
				INFOPLIST_FILE = Demo/Info.plist;
				LD_RUNPATH_SEARCH_PATHS = "$(inherited) @executable_path/Frameworks";
				PRODUCT_BUNDLE_IDENTIFIER = "com.offensively-bad.Demo";
				PRODUCT_NAME = "$(TARGET_NAME)";
				SWIFT_OBJC_BRIDGING_HEADER = "Demo/Demo-Bridging-Header.h";
				SWIFT_VERSION = 3.0;
			};
			name = Release;
		};
/* End XCBuildConfiguration section */

/* Begin XCConfigurationList section */
		71F35B1D1D41BE8B0084AB91 /* Build configuration list for PBXProject "Demo" */ = {
			isa = XCConfigurationList;
			buildConfigurations = (
				71F35B351D41BE8B0084AB91 /* Debug */,
				71F35B361D41BE8B0084AB91 /* Release */,
			);
			defaultConfigurationIsVisible = 0;
			defaultConfigurationName = Release;
		};
		71F35B371D41BE8B0084AB91 /* Build configuration list for PBXNativeTarget "Demo" */ = {
			isa = XCConfigurationList;
			buildConfigurations = (
				71F35B381D41BE8B0084AB91 /* Debug */,
				71F35B391D41BE8B0084AB91 /* Release */,
			);
			defaultConfigurationIsVisible = 0;
			defaultConfigurationName = Release;
		};
/* End XCConfigurationList section */

/* Begin XCVersionGroup section */
		71F35B2C1D41BE8B0084AB91 /* Demo.xcdatamodeld */ = {
			isa = XCVersionGroup;
			children = (
				71F35B2D1D41BE8B0084AB91 /* Demo.xcdatamodel */,
			);
			currentVersion = 71F35B2D1D41BE8B0084AB91 /* Demo.xcdatamodel */;
			path = Demo.xcdatamodeld;
			sourceTree = "<group>";
			versionGroupType = wrapper.xcdatamodel;
		};
/* End XCVersionGroup section */
	};
	rootObject = 71F35B1A1D41BE8B0084AB91 /* Project object */;
}
